
Microsoft Visual Studio Solution File, Format Version 11.00
# Visual Studio 2010
Project("{FAE04EC0-301F-11D3-BF4B-00C04F79EFBC}") = "Eppstein2", "Eppstein2\Eppstein2.csproj", "{C594A5DA-0473-422D-B56D-FC5FCABC7826}"
EndProject
Global
	GlobalSection(SolutionConfigurationPlatforms) = preSolution
		Debug|Any CPU = Debug|Any CPU
		Release|Any CPU = Release|Any CPU
	EndGlobalSection
	GlobalSection(ProjectConfigurationPlatforms) = postSolution
		{C594A5DA-0473-422D-B56D-FC5FCABC7826}.Debug|Any CPU.ActiveCfg = Debug|Any CPU
		{C594A5DA-0473-422D-B56D-FC5FCABC7826}.Debug|Any CPU.Build.0 = Debug|Any CPU
		{C594A5DA-0473-422D-B56D-FC5FCABC7826}.Release|Any CPU.ActiveCfg = Release|Any CPU
		{C594A5DA-0473-422D-B56D-FC5FCABC7826}.Release|Any CPU.Build.0 = Release|Any CPU
	EndGlobalSection
	GlobalSection(SolutionProperties) = preSolution
		HideSolutionNode = FALSE
	EndGlobalSection
EndGlobal
